PODS:
  - assets_audio_player (0.0.1):
    - Flutter
  - assets_audio_player_web (0.0.1):
    - Flutter
  - audioplayers_darwin (0.0.1):
    - Flutter
  - connectivity_plus (0.0.1):
    - Flutter
    - ReachabilitySwift
  - device_info_plus (0.0.1):
    - Flutter
  - Flutter (1.0.0)
  - fluttertoast (0.0.2):
    - Flutter
    - Toast
  - path_provider_foundation (0.0.1):
    - Flutter
    - FlutterMacOS
  - pay_ios (0.0.1):
    - Flutter
  - ReachabilitySwift (5.0.0)
  - shared_preferences_foundation (0.0.1):
    - Flutter
    - FlutterMacOS
  - Stripe (23.22.1):
    - StripeApplePay (= 23.22.1)
    - StripeCore (= 23.22.1)
    - StripePayments (= 23.22.1)
    - StripePaymentsUI (= 23.22.1)
    - StripeUICore (= 23.22.1)
  - stripe_ios (0.0.1):
    - Flutter
    - Stripe (~> 23.22.0)
    - StripeApplePay (~> 23.22.0)
    - StripeFinancialConnections (~> 23.22.0)
    - StripePayments (~> 23.22.0)
    - StripePaymentSheet (~> 23.22.0)
    - StripePaymentsUI (~> 23.22.0)
  - StripeApplePay (23.22.1):
    - StripeCore (= 23.22.1)
  - StripeCore (23.22.1)
  - StripeFinancialConnections (23.22.1):
    - StripeCore (= 23.22.1)
    - StripeUICore (= 23.22.1)
  - StripePayments (23.22.1):
    - StripeCore (= 23.22.1)
    - StripePayments/Stripe3DS2 (= 23.22.1)
  - StripePayments/Stripe3DS2 (23.22.1):
    - StripeCore (= 23.22.1)
  - StripePaymentSheet (23.22.1):
    - StripeApplePay (= 23.22.1)
    - StripeCore (= 23.22.1)
    - StripePayments (= 23.22.1)
    - StripePaymentsUI (= 23.22.1)
  - StripePaymentsUI (23.22.1):
    - StripeCore (= 23.22.1)
    - StripePayments (= 23.22.1)
    - StripeUICore (= 23.22.1)
  - StripeUICore (23.22.1):
    - StripeCore (= 23.22.1)
  - Toast (4.0.0)

DEPENDENCIES:
  - assets_audio_player (from `.symlinks/plugins/assets_audio_player/ios`)
  - assets_audio_player_web (from `.symlinks/plugins/assets_audio_player_web/ios`)
  - audioplayers_darwin (from `.symlinks/plugins/audioplayers_darwin/ios`)
  - connectivity_plus (from `.symlinks/plugins/connectivity_plus/ios`)
  - device_info_plus (from `.symlinks/plugins/device_info_plus/ios`)
  - Flutter (from `Flutter`)
  - fluttertoast (from `.symlinks/plugins/fluttertoast/ios`)
  - path_provider_foundation (from `.symlinks/plugins/path_provider_foundation/darwin`)
  - pay_ios (from `.symlinks/plugins/pay_ios/ios`)
  - shared_preferences_foundation (from `.symlinks/plugins/shared_preferences_foundation/darwin`)
  - stripe_ios (from `.symlinks/plugins/stripe_ios/ios`)

SPEC REPOS:
  trunk:
    - ReachabilitySwift
    - Stripe
    - StripeApplePay
    - StripeCore
    - StripeFinancialConnections
    - StripePayments
    - StripePaymentSheet
    - StripePaymentsUI
    - StripeUICore
    - Toast

EXTERNAL SOURCES:
  assets_audio_player:
    :path: ".symlinks/plugins/assets_audio_player/ios"
  assets_audio_player_web:
    :path: ".symlinks/plugins/assets_audio_player_web/ios"
  audioplayers_darwin:
    :path: ".symlinks/plugins/audioplayers_darwin/ios"
  connectivity_plus:
    :path: ".symlinks/plugins/connectivity_plus/ios"
  device_info_plus:
    :path: ".symlinks/plugins/device_info_plus/ios"
  Flutter:
    :path: Flutter
  fluttertoast:
    :path: ".symlinks/plugins/fluttertoast/ios"
  path_provider_foundation:
    :path: ".symlinks/plugins/path_provider_foundation/darwin"
  pay_ios:
    :path: ".symlinks/plugins/pay_ios/ios"
  shared_preferences_foundation:
    :path: ".symlinks/plugins/shared_preferences_foundation/darwin"
  stripe_ios:
    :path: ".symlinks/plugins/stripe_ios/ios"

SPEC CHECKSUMS:
  assets_audio_player: edee322b9cb625571b830b35872ead1a295fd917
  assets_audio_player_web: 19826380c44375761aa0b9053665c1e3fbc3b86b
  audioplayers_darwin: 877d9a4d06331c5c374595e46e16453ac7eafa40
  connectivity_plus: bf0076dd84a130856aa636df1c71ccaff908fa1d
  device_info_plus: c6fb39579d0f423935b0c9ce7ee2f44b71b9fce6
  Flutter: f04841e97a9d0b0a8025694d0796dd46242b2854
  fluttertoast: 31b00dabfa7fb7bacd9e7dbee580d7a2ff4bf265
  path_provider_foundation: 29f094ae23ebbca9d3d0cec13889cd9060c0e943
  pay_ios: 8c7beb9c61d885f3f51b61f75f8793023fc8843a
  ReachabilitySwift: 985039c6f7b23a1da463388634119492ff86c825
  shared_preferences_foundation: 5b919d13b803cadd15ed2dc053125c68730e5126
  Stripe: b65e9f748f8f51b51e015b0d72f5474dc0708788
  stripe_ios: 433385aa051f8965915d495744946ee5a5d657db
  StripeApplePay: 4a2fef6cd4e1e9b2c0849919fc7b3a9c5c3684b1
  StripeCore: e1f6cd91d1487c0f6b5db81b42aec860420f75c9
  StripeFinancialConnections: d223a44613e6982cedd552c5950edc9b4901c90a
  StripePayments: 76144e9e6b5fee859954238a175f859043562659
  StripePaymentSheet: a25d920bb3bb5e2580696476482dc7df9cb5e4e2
  StripePaymentsUI: 66088abec88754bbdd522ef227dfdbb2265a653e
  StripeUICore: b193c7d35e9cd1b04bc9ed4a6fb8c548fcee83fa
  Toast: 91b396c56ee72a5790816f40d3a94dd357abc196

PODFILE CHECKSUM: 018534f11ba63a8453dbf3cff1851945f7cb8bfc

COCOAPODS: 1.15.2
